
Microsoft Visual Studio Solution File, Format Version 12.00
# Visual Studio Version 16
VisualStudioVersion = 16.0.31624.102
MinimumVisualStudioVersion = 10.0.40219.1
Project("{9A19103F-16F7-4668-BE54-9A1E7A4F7556}") = "KampIntro", "KampIntro\KampIntro.csproj", "{A0EFD3B1-34CA-4ACA-8348-590DF6291399}"
EndProject
Project("{9A19103F-16F7-4668-BE54-9A1E7A4F7556}") = "Donguler", "Donguler\Donguler.csproj", "{AE54D2CE-59F6-4DB4-8A4A-35279048E277}"
EndProject
Project("{9A19103F-16F7-4668-BE54-9A1E7A4F7556}") = "ClassIntro", "ClassIntro\ClassIntro.csproj", "{4CB49C0F-F808-428E-98BB-0DBE30344762}"
EndProject
Project("{FAE04EC0-301F-11D3-BF4B-00C04F79EFBC}") = "Metotlar", "Metotlar\Metotlar.csproj", "{115E34B6-272B-46E4-BEBD-505FA2C5D4C5}"
EndProject
Project("{FAE04EC0-301F-11D3-BF4B-00C04F79EFBC}") = "Matematik", "Matematik\Matematik.csproj", "{DAAF4CAA-FCD3-49CD-B3D2-B92204BB8F75}"
EndProject
Global
	GlobalSection(SolutionConfigurationPlatforms) = preSolution
		Debug|Any CPU = Debug|Any CPU
		Release|Any CPU = Release|Any CPU
	EndGlobalSection
	GlobalSection(ProjectConfigurationPlatforms) = postSolution
		{A0EFD3B1-34CA-4ACA-8348-590DF6291399}.Debug|Any CPU.ActiveCfg = Debug|Any CPU
		{A0EFD3B1-34CA-4ACA-8348-590DF6291399}.Debug|Any CPU.Build.0 = Debug|Any CPU
		{A0EFD3B1-34CA-4ACA-8348-590DF6291399}.Release|Any CPU.ActiveCfg = Release|Any CPU
		{A0EFD3B1-34CA-4ACA-8348-590DF6291399}.Release|Any CPU.Build.0 = Release|Any CPU
		{AE54D2CE-59F6-4DB4-8A4A-35279048E277}.Debug|Any CPU.ActiveCfg = Debug|Any CPU
		{AE54D2CE-59F6-4DB4-8A4A-35279048E277}.Debug|Any CPU.Build.0 = Debug|Any CPU
		{AE54D2CE-59F6-4DB4-8A4A-35279048E277}.Release|Any CPU.ActiveCfg = Release|Any CPU
		{AE54D2CE-59F6-4DB4-8A4A-35279048E277}.Release|Any CPU.Build.0 = Release|Any CPU
		{4CB49C0F-F808-428E-98BB-0DBE30344762}.Debug|Any CPU.ActiveCfg = Debug|Any CPU
		{4CB49C0F-F808-428E-98BB-0DBE30344762}.Debug|Any CPU.Build.0 = Debug|Any CPU
		{4CB49C0F-F808-428E-98BB-0DBE30344762}.Release|Any CPU.ActiveCfg = Release|Any CPU
		{4CB49C0F-F808-428E-98BB-0DBE30344762}.Release|Any CPU.Build.0 = Release|Any CPU
		{115E34B6-272B-46E4-BEBD-505FA2C5D4C5}.Debug|Any CPU.ActiveCfg = Debug|Any CPU
		{115E34B6-272B-46E4-BEBD-505FA2C5D4C5}.Debug|Any CPU.Build.0 = Debug|Any CPU
		{115E34B6-272B-46E4-BEBD-505FA2C5D4C5}.Release|Any CPU.ActiveCfg = Release|Any CPU
		{115E34B6-272B-46E4-BEBD-505FA2C5D4C5}.Release|Any CPU.Build.0 = Release|Any CPU
		{DAAF4CAA-FCD3-49CD-B3D2-B92204BB8F75}.Debug|Any CPU.ActiveCfg = Debug|Any CPU
		{DAAF4CAA-FCD3-49CD-B3D2-B92204BB8F75}.Debug|Any CPU.Build.0 = Debug|Any CPU
		{DAAF4CAA-FCD3-49CD-B3D2-B92204BB8F75}.Release|Any CPU.ActiveCfg = Release|Any CPU
		{DAAF4CAA-FCD3-49CD-B3D2-B92204BB8F75}.Release|Any CPU.Build.0 = Release|Any CPU
	EndGlobalSection
	GlobalSection(SolutionProperties) = preSolution
		HideSolutionNode = FALSE
	EndGlobalSection
	GlobalSection(ExtensibilityGlobals) = postSolution
		SolutionGuid = {550CDDB5-CA64-43A4-B932-8ACEB6850F45}
	EndGlobalSection
EndGlobal
